{
  "name": "grunt-bulk-symlink",
  "version": "0.1.0",
  "lockfileVersion": 3,
  "requires": true,
  "packages": {
    "": {
      "name": "grunt-bulk-symlink",
      "version": "0.1.0",
      "engines": {
        "node": ">=16"
      },
      "peerDependencies": {
        "grunt": "^1.6.3"
      },
      "peerDependenciesMeta": {
        "grunt": {
          "optional": true
        }
      }
    }
  }
}
